
Microsoft Visual Studio Solution File, Format Version 12.00
# Visual Studio 15
VisualStudioVersion = 15.0.27130.2020
MinimumVisualStudioVersion = 10.0.40219.1
Project("{FAE04EC0-301F-11D3-BF4B-00C04F79EFBC}") = "IS.Clase1", "IS.Clase1\IS.Clase1.csproj", "{475CA237-7EB2-4C20-ADD9-C8F4EF925652}"
EndProject
Global
	GlobalSection(SolutionConfigurationPlatforms) = preSolution
		Debug|Any CPU = Debug|Any CPU
		Release|Any CPU = Release|Any CPU
	EndGlobalSection
	GlobalSection(ProjectConfigurationPlatforms) = postSolution
		{475CA237-7EB2-4C20-ADD9-C8F4EF925652}.Debug|Any CPU.ActiveCfg = Debug|Any CPU
		{475CA237-7EB2-4C20-ADD9-C8F4EF925652}.Debug|Any CPU.Build.0 = Debug|Any CPU
		{475CA237-7EB2-4C20-ADD9-C8F4EF925652}.Release|Any CPU.ActiveCfg = Release|Any CPU
		{475CA237-7EB2-4C20-ADD9-C8F4EF925652}.Release|Any CPU.Build.0 = Release|Any CPU
	EndGlobalSection
	GlobalSection(SolutionProperties) = preSolution
		HideSolutionNode = FALSE
	EndGlobalSection
	GlobalSection(ExtensibilityGlobals) = postSolution
		SolutionGuid = {70B309B3-51DF-4ECF-AD54-D69EBEF8373C}
	EndGlobalSection
EndGlobal
