
Microsoft Visual Studio Solution File, Format Version 12.00
# Visual Studio 15
VisualStudioVersion = 15.0.27428.2037
MinimumVisualStudioVersion = 10.0.40219.1
Project("{FAE04EC0-301F-11D3-BF4B-00C04F79EFBC}") = "ISClase4ExploradorArchivos", "ISClase4ExploradorArchivos\ISClase4ExploradorArchivos.csproj", "{8399E8AE-E65F-4E2E-9D92-5E069952B0B5}"
EndProject
Global
	GlobalSection(SolutionConfigurationPlatforms) = preSolution
		Debug|Any CPU = Debug|Any CPU
		Release|Any CPU = Release|Any CPU
	EndGlobalSection
	GlobalSection(ProjectConfigurationPlatforms) = postSolution
		{8399E8AE-E65F-4E2E-9D92-5E069952B0B5}.Debug|Any CPU.ActiveCfg = Debug|Any CPU
		{8399E8AE-E65F-4E2E-9D92-5E069952B0B5}.Debug|Any CPU.Build.0 = Debug|Any CPU
		{8399E8AE-E65F-4E2E-9D92-5E069952B0B5}.Release|Any CPU.ActiveCfg = Release|Any CPU
		{8399E8AE-E65F-4E2E-9D92-5E069952B0B5}.Release|Any CPU.Build.0 = Release|Any CPU
	EndGlobalSection
	GlobalSection(SolutionProperties) = preSolution
		HideSolutionNode = FALSE
	EndGlobalSection
	GlobalSection(ExtensibilityGlobals) = postSolution
		SolutionGuid = {30191167-0FC3-407A-AF58-3146C7C528F8}
	EndGlobalSection
EndGlobal
