
Microsoft Visual Studio Solution File, Format Version 12.00
# Visual Studio 15
VisualStudioVersion = 15.0.27130.2020
MinimumVisualStudioVersion = 10.0.40219.1
Project("{FAE04EC0-301F-11D3-BF4B-00C04F79EFBC}") = "ISClase3EditorDeTexto", "ISClase3EditorDeTexto\ISClase3EditorDeTexto.csproj", "{D9BA272A-2EF2-4C76-ACCC-B449FA47DF64}"
EndProject
Global
	GlobalSection(SolutionConfigurationPlatforms) = preSolution
		Debug|Any CPU = Debug|Any CPU
		Release|Any CPU = Release|Any CPU
	EndGlobalSection
	GlobalSection(ProjectConfigurationPlatforms) = postSolution
		{D9BA272A-2EF2-4C76-ACCC-B449FA47DF64}.Debug|Any CPU.ActiveCfg = Debug|Any CPU
		{D9BA272A-2EF2-4C76-ACCC-B449FA47DF64}.Debug|Any CPU.Build.0 = Debug|Any CPU
		{D9BA272A-2EF2-4C76-ACCC-B449FA47DF64}.Release|Any CPU.ActiveCfg = Release|Any CPU
		{D9BA272A-2EF2-4C76-ACCC-B449FA47DF64}.Release|Any CPU.Build.0 = Release|Any CPU
	EndGlobalSection
	GlobalSection(SolutionProperties) = preSolution
		HideSolutionNode = FALSE
	EndGlobalSection
	GlobalSection(ExtensibilityGlobals) = postSolution
		SolutionGuid = {2A93D07B-CF40-43D2-B746-EA19DD293E97}
	EndGlobalSection
EndGlobal
